// !$*UTF8*$!
{
	archiveVersion = 1;
	classes = {
	};
	objectVersion = 48;
	objects = {

/* Begin PBXBuildFile section */
		A21A1F061F70A7AC000762AE /* AppDelegate.swift in Sources */ = {isa = PBXBuildFile; fileRef = A21A1F051F70A7AC000762AE /* AppDelegate.swift */; };
		A21A1F0B1F70A7AC000762AE /* Main.storyboard in Resources */ = {isa = PBXBuildFile; fileRef = A21A1F091F70A7AC000762AE /* Main.storyboard */; };
		A21A1F0D1F70A7AC000762AE /* Assets.xcassets in Resources */ = {isa = PBXBuildFile; fileRef = A21A1F0C1F70A7AC000762AE /* Assets.xcassets */; };
		A21A1F101F70A7AC000762AE /* LaunchScreen.storyboard in Resources */ = {isa = PBXBuildFile; fileRef = A21A1F0E1F70A7AC000762AE /* LaunchScreen.storyboard */; };
		A23CD1261F7347E9004D66F4 /* AVCaptureDevice+Extension.swift in Sources */ = {isa = PBXBuildFile; fileRef = A23CD1231F7346FF004D66F4 /* AVCaptureDevice+Extension.swift */; };
		A23CD1271F7347EA004D66F4 /* VideoCameraType.swift in Sources */ = {isa = PBXBuildFile; fileRef = A23CD1241F7346FF004D66F4 /* VideoCameraType.swift */; };
		A23CD1281F7347EA004D66F4 /* VideoCapture.swift in Sources */ = {isa = PBXBuildFile; fileRef = A23CD1251F7346FF004D66F4 /* VideoCapture.swift */; };
		A23CD12A1F735267004D66F4 /* FacialAnalysisViewController.swift in Sources */ = {isa = PBXBuildFile; fileRef = A23CD1291F735267004D66F4 /* FacialAnalysisViewController.swift */; };
		A24E797C1F71FD07000B9D23 /* MainFeatureCell.swift in Sources */ = {isa = PBXBuildFile; fileRef = A24E797B1F71FD07000B9D23 /* MainFeatureCell.swift */; };
		A29097D31F71FEA500A35837 /* SampleData.swift in Sources */ = {isa = PBXBuildFile; fileRef = A29097D21F71FEA500A35837 /* SampleData.swift */; };
		A29097D51F72086E00A35837 /* ObjectDetectionViewController.swift in Sources */ = {isa = PBXBuildFile; fileRef = A29097D41F72086E00A35837 /* ObjectDetectionViewController.swift */; };
		A29097DF1F723AFD00A35837 /* Inceptionv3.mlmodel in Sources */ = {isa = PBXBuildFile; fileRef = A29097DE1F723AF200A35837 /* Inceptionv3.mlmodel */; };
		A29097E11F7296CF00A35837 /* RealTimeDetectionViewController.swift in Sources */ = {isa = PBXBuildFile; fileRef = A29097E01F7296CF00A35837 /* RealTimeDetectionViewController.swift */; };
		A2ABAB2D1F71F5B900028325 /* MainViewController.swift in Sources */ = {isa = PBXBuildFile; fileRef = A2ABAB2C1F71F5B900028325 /* MainViewController.swift */; };
/* End PBXBuildFile section */

/* Begin PBXFileReference section */
		A21A1F021F70A7AC000762AE /* ai 11.app */ = {isa = PBXFileReference; explicitFileType = wrapper.application; includeInIndex = 0; path = "ai 11.app"; sourceTree = BUILT_PRODUCTS_DIR; };
		A21A1F051F70A7AC000762AE /* AppDelegate.swift */ = {isa = PBXFileReference; lastKnownFileType = sourcecode.swift; path = AppDelegate.swift; sourceTree = "<group>"; };
		A21A1F0A1F70A7AC000762AE /* Base */ = {isa = PBXFileReference; lastKnownFileType = file.storyboard; name = Base; path = Base.lproj/Main.storyboard; sourceTree = "<group>"; };
		A21A1F0C1F70A7AC000762AE /* Assets.xcassets */ = {isa = PBXFileReference; lastKnownFileType = folder.assetcatalog; path = Assets.xcassets; sourceTree = "<group>"; };
		A21A1F0F1F70A7AC000762AE /* Base */ = {isa = PBXFileReference; lastKnownFileType = file.storyboard; name = Base; path = Base.lproj/LaunchScreen.storyboard; sourceTree = "<group>"; };
		A21A1F111F70A7AC000762AE /* Info.plist */ = {isa = PBXFileReference; lastKnownFileType = text.plist.xml; path = Info.plist; sourceTree = "<group>"; };
		A23CD1231F7346FF004D66F4 /* AVCaptureDevice+Extension.swift */ = {isa = PBXFileReference; lastKnownFileType = sourcecode.swift; path = "AVCaptureDevice+Extension.swift"; sourceTree = "<group>"; };
		A23CD1241F7346FF004D66F4 /* VideoCameraType.swift */ = {isa = PBXFileReference; lastKnownFileType = sourcecode.swift; path = VideoCameraType.swift; sourceTree = "<group>"; };
		A23CD1251F7346FF004D66F4 /* VideoCapture.swift */ = {isa = PBXFileReference; lastKnownFileType = sourcecode.swift; path = VideoCapture.swift; sourceTree = "<group>"; };
		A23CD1291F735267004D66F4 /* FacialAnalysisViewController.swift */ = {isa = PBXFileReference; lastKnownFileType = sourcecode.swift; path = FacialAnalysisViewController.swift; sourceTree = "<group>"; };
		A24E797B1F71FD07000B9D23 /* MainFeatureCell.swift */ = {isa = PBXFileReference; lastKnownFileType = sourcecode.swift; path = MainFeatureCell.swift; sourceTree = "<group>"; };
		A29097D21F71FEA500A35837 /* SampleData.swift */ = {isa = PBXFileReference; lastKnownFileType = sourcecode.swift; path = SampleData.swift; sourceTree = "<group>"; };
		A29097D41F72086E00A35837 /* ObjectDetectionViewController.swift */ = {isa = PBXFileReference; lastKnownFileType = sourcecode.swift; path = ObjectDetectionViewController.swift; sourceTree = "<group>"; };
		A29097DE1F723AF200A35837 /* Inceptionv3.mlmodel */ = {isa = PBXFileReference; lastKnownFileType = file.mlmodel; path = Inceptionv3.mlmodel; sourceTree = "<group>"; };
		A29097E01F7296CF00A35837 /* RealTimeDetectionViewController.swift */ = {isa = PBXFileReference; lastKnownFileType = sourcecode.swift; path = RealTimeDetectionViewController.swift; sourceTree = "<group>"; };
		A2ABAB2C1F71F5B900028325 /* MainViewController.swift */ = {isa = PBXFileReference; lastKnownFileType = sourcecode.swift; path = MainViewController.swift; sourceTree = "<group>"; };
/* End PBXFileReference section */

/* Begin PBXFrameworksBuildPhase section */
		A21A1EFF1F70A7AB000762AE /* Frameworks */ = {
			isa = PBXFrameworksBuildPhase;
			buildActionMask = 2147483647;
			files = (
			);
			runOnlyForDeploymentPostprocessing = 0;
		};
/* End PBXFrameworksBuildPhase section */

/* Begin PBXGroup section */
		A21A1EF91F70A7AB000762AE = {
			isa = PBXGroup;
			children = (
				A21A1F041F70A7AC000762AE /* ai 11 */,
				A21A1F031F70A7AC000762AE /* Products */,
			);
			sourceTree = "<group>";
		};
		A21A1F031F70A7AC000762AE /* Products */ = {
			isa = PBXGroup;
			children = (
				A21A1F021F70A7AC000762AE /* ai 11.app */,
			);
			name = Products;
			sourceTree = "<group>";
		};
		A21A1F041F70A7AC000762AE /* ai 11 */ = {
			isa = PBXGroup;
			children = (
				A23CD1221F7346FF004D66F4 /* VideoCapture */,
				A29097DC1F7236A300A35837 /* ML Model */,
				A29097D81F72089700A35837 /* Model */,
				A29097D71F72088A00A35837 /* Custom Views */,
				A29097D61F72087700A35837 /* View Controller */,
				A21A1F051F70A7AC000762AE /* AppDelegate.swift */,
				A21A1F091F70A7AC000762AE /* Main.storyboard */,
				A21A1F0C1F70A7AC000762AE /* Assets.xcassets */,
				A21A1F0E1F70A7AC000762AE /* LaunchScreen.storyboard */,
				A21A1F111F70A7AC000762AE /* Info.plist */,
			);
			path = "ai 11";
			sourceTree = "<group>";
		};
		A23CD1221F7346FF004D66F4 /* VideoCapture */ = {
			isa = PBXGroup;
			children = (
				A23CD1231F7346FF004D66F4 /* AVCaptureDevice+Extension.swift */,
				A23CD1241F7346FF004D66F4 /* VideoCameraType.swift */,
				A23CD1251F7346FF004D66F4 /* VideoCapture.swift */,
			);
			path = VideoCapture;
			sourceTree = "<group>";
		};
		A29097D61F72087700A35837 /* View Controller */ = {
			isa = PBXGroup;
			children = (
				A2ABAB2C1F71F5B900028325 /* MainViewController.swift */,
				A29097D41F72086E00A35837 /* ObjectDetectionViewController.swift */,
				A29097E01F7296CF00A35837 /* RealTimeDetectionViewController.swift */,
				A23CD1291F735267004D66F4 /* FacialAnalysisViewController.swift */,
			);
			path = "View Controller";
			sourceTree = "<group>";
		};
		A29097D71F72088A00A35837 /* Custom Views */ = {
			isa = PBXGroup;
			children = (
				A24E797B1F71FD07000B9D23 /* MainFeatureCell.swift */,
			);
			path = "Custom Views";
			sourceTree = "<group>";
		};
		A29097D81F72089700A35837 /* Model */ = {
			isa = PBXGroup;
			children = (
				A29097D21F71FEA500A35837 /* SampleData.swift */,
			);
			path = Model;
			sourceTree = "<group>";
		};
		A29097DC1F7236A300A35837 /* ML Model */ = {
			isa = PBXGroup;
			children = (
				A29097DE1F723AF200A35837 /* Inceptionv3.mlmodel */,
			);
			path = "ML Model";
			sourceTree = "<group>";
		};
/* End PBXGroup section */

/* Begin PBXNativeTarget section */
		A21A1F011F70A7AB000762AE /* ai 11 */ = {
			isa = PBXNativeTarget;
			buildConfigurationList = A21A1F141F70A7AC000762AE /* Build configuration list for PBXNativeTarget "ai 11" */;
			buildPhases = (
				A21A1EFE1F70A7AB000762AE /* Sources */,
				A21A1EFF1F70A7AB000762AE /* Frameworks */,
				A21A1F001F70A7AB000762AE /* Resources */,
			);
			buildRules = (
			);
			dependencies = (
			);
			name = "ai 11";
			productName = "ai 11";
			productReference = A21A1F021F70A7AC000762AE /* ai 11.app */;
			productType = "com.apple.product-type.application";
		};
/* End PBXNativeTarget section */

/* Begin PBXProject section */
		A21A1EFA1F70A7AB000762AE /* Project object */ = {
			isa = PBXProject;
			attributes = {
				LastSwiftUpdateCheck = 0900;
				LastUpgradeCheck = 0900;
				ORGANIZATIONNAME = "Kyoungwon Jo";
				TargetAttributes = {
					A21A1F011F70A7AB000762AE = {
						CreatedOnToolsVersion = 9.0;
						ProvisioningStyle = Automatic;
					};
				};
			};
			buildConfigurationList = A21A1EFD1F70A7AB000762AE /* Build configuration list for PBXProject "ai 11" */;
			compatibilityVersion = "Xcode 8.0";
			developmentRegion = en;
			hasScannedForEncodings = 0;
			knownRegions = (
				en,
				Base,
			);
			mainGroup = A21A1EF91F70A7AB000762AE;
			productRefGroup = A21A1F031F70A7AC000762AE /* Products */;
			projectDirPath = "";
			projectRoot = "";
			targets = (
				A21A1F011F70A7AB000762AE /* ai 11 */,
			);
		};
/* End PBXProject section */

/* Begin PBXResourcesBuildPhase section */
		A21A1F001F70A7AB000762AE /* Resources */ = {
			isa = PBXResourcesBuildPhase;
			buildActionMask = 2147483647;
			files = (
				A21A1F101F70A7AC000762AE /* LaunchScreen.storyboard in Resources */,
				A21A1F0D1F70A7AC000762AE /* Assets.xcassets in Resources */,
				A21A1F0B1F70A7AC000762AE /* Main.storyboard in Resources */,
			);
			runOnlyForDeploymentPostprocessing = 0;
		};
/* End PBXResourcesBuildPhase section */

/* Begin PBXSourcesBuildPhase section */
		A21A1EFE1F70A7AB000762AE /* Sources */ = {
			isa = PBXSourcesBuildPhase;
			buildActionMask = 2147483647;
			files = (
				A23CD1261F7347E9004D66F4 /* AVCaptureDevice+Extension.swift in Sources */,
				A23CD1271F7347EA004D66F4 /* VideoCameraType.swift in Sources */,
				A23CD1281F7347EA004D66F4 /* VideoCapture.swift in Sources */,
				A29097DF1F723AFD00A35837 /* Inceptionv3.mlmodel in Sources */,
				A21A1F061F70A7AC000762AE /* AppDelegate.swift in Sources */,
				A23CD12A1F735267004D66F4 /* FacialAnalysisViewController.swift in Sources */,
				A24E797C1F71FD07000B9D23 /* MainFeatureCell.swift in Sources */,
				A29097E11F7296CF00A35837 /* RealTimeDetectionViewController.swift in Sources */,
				A2ABAB2D1F71F5B900028325 /* MainViewController.swift in Sources */,
				A29097D51F72086E00A35837 /* ObjectDetectionViewController.swift in Sources */,
				A29097D31F71FEA500A35837 /* SampleData.swift in Sources */,
			);
			runOnlyForDeploymentPostprocessing = 0;
		};
/* End PBXSourcesBuildPhase section */

/* Begin PBXVariantGroup section */
		A21A1F091F70A7AC000762AE /* Main.storyboard */ = {
			isa = PBXVariantGroup;
			children = (
				A21A1F0A1F70A7AC000762AE /* Base */,
			);
			name = Main.storyboard;
			sourceTree = "<group>";
		};
		A21A1F0E1F70A7AC000762AE /* LaunchScreen.storyboard */ = {
			isa = PBXVariantGroup;
			children = (
				A21A1F0F1F70A7AC000762AE /* Base */,
			);
			name = LaunchScreen.storyboard;
			sourceTree = "<group>";
		};
/* End PBXVariantGroup section */

/* Begin XCBuildConfiguration section */
		A21A1F121F70A7AC000762AE /* Debug */ = {
			isa = XCBuildConfiguration;
			buildSettings = {
				ALWAYS_SEARCH_USER_PATHS = NO;
				CLANG_ANALYZER_NONNULL = YES;
				CLANG_ANALYZER_NUMBER_OBJECT_CONVERSION = YES_AGGRESSIVE;
				CLANG_CXX_LANGUAGE_STANDARD = "gnu++14";
				CLANG_CXX_LIBRARY = "libc++";
				CLANG_ENABLE_MODULES = YES;
				CLANG_ENABLE_OBJC_ARC = YES;
				CLANG_WARN_BLOCK_CAPTURE_AUTORELEASING = YES;
				CLANG_WARN_BOOL_CONVERSION = YES;
				CLANG_WARN_COMMA = YES;
				CLANG_WARN_CONSTANT_CONVERSION = YES;
				CLANG_WARN_DIRECT_OBJC_ISA_USAGE = YES_ERROR;
				CLANG_WARN_DOCUMENTATION_COMMENTS = YES;
				CLANG_WARN_EMPTY_BODY = YES;
				CLANG_WARN_ENUM_CONVERSION = YES;
				CLANG_WARN_INFINITE_RECURSION = YES;
				CLANG_WARN_INT_CONVERSION = YES;
				CLANG_WARN_NON_LITERAL_NULL_CONVERSION = YES;
				CLANG_WARN_OBJC_LITERAL_CONVERSION = YES;
				CLANG_WARN_OBJC_ROOT_CLASS = YES_ERROR;
				CLANG_WARN_RANGE_LOOP_ANALYSIS = YES;
				CLANG_WARN_STRICT_PROTOTYPES = YES;
				CLANG_WARN_SUSPICIOUS_MOVE = YES;
				CLANG_WARN_UNGUARDED_AVAILABILITY = YES_AGGRESSIVE;
				CLANG_WARN_UNREACHABLE_CODE = YES;
				CLANG_WARN__DUPLICATE_METHOD_MATCH = YES;
				CODE_SIGN_IDENTITY = "iPhone Developer";
				COPY_PHASE_STRIP = NO;
				DEBUG_INFORMATION_FORMAT = dwarf;
				ENABLE_STRICT_OBJC_MSGSEND = YES;
				ENABLE_TESTABILITY = YES;
				GCC_C_LANGUAGE_STANDARD = gnu11;
				GCC_DYNAMIC_NO_PIC = NO;
				GCC_NO_COMMON_BLOCKS = YES;
				GCC_OPTIMIZATION_LEVEL = 0;
				GCC_PREPROCESSOR_DEFINITIONS = (
					"DEBUG=1",
					"$(inherited)",
				);
				GCC_WARN_64_TO_32_BIT_CONVERSION = YES;
				GCC_WARN_ABOUT_RETURN_TYPE = YES_ERROR;
				GCC_WARN_UNDECLARED_SELECTOR = YES;
				GCC_WARN_UNINITIALIZED_AUTOS = YES_AGGRESSIVE;
				GCC_WARN_UNUSED_FUNCTION = YES;
				GCC_WARN_UNUSED_VARIABLE = YES;
				IPHONEOS_DEPLOYMENT_TARGET = 11.0;
				MTL_ENABLE_DEBUG_INFO = YES;
				ONLY_ACTIVE_ARCH = YES;
				SDKROOT = iphoneos;
				SWIFT_ACTIVE_COMPILATION_CONDITIONS = DEBUG;
				SWIFT_OPTIMIZATION_LEVEL = "-Onone";
			};
			name = Debug;
		};
		A21A1F131F70A7AC000762AE /* Release */ = {
			isa = XCBuildConfiguration;
			buildSettings = {
				ALWAYS_SEARCH_USER_PATHS = NO;
				CLANG_ANALYZER_NONNULL = YES;
				CLANG_ANALYZER_NUMBER_OBJECT_CONVERSION = YES_AGGRESSIVE;
				CLANG_CXX_LANGUAGE_STANDARD = "gnu++14";
				CLANG_CXX_LIBRARY = "libc++";
				CLANG_ENABLE_MODULES = YES;
				CLANG_ENABLE_OBJC_ARC = YES;
				CLANG_WARN_BLOCK_CAPTURE_AUTORELEASING = YES;
				CLANG_WARN_BOOL_CONVERSION = YES;
				CLANG_WARN_COMMA = YES;
				CLANG_WARN_CONSTANT_CONVERSION = YES;
				CLANG_WARN_DIRECT_OBJC_ISA_USAGE = YES_ERROR;
				CLANG_WARN_DOCUMENTATION_COMMENTS = YES;
				CLANG_WARN_EMPTY_BODY = YES;
				CLANG_WARN_ENUM_CONVERSION = YES;
				CLANG_WARN_INFINITE_RECURSION = YES;
				CLANG_WARN_INT_CONVERSION = YES;
				CLANG_WARN_NON_LITERAL_NULL_CONVERSION = YES;
				CLANG_WARN_OBJC_LITERAL_CONVERSION = YES;
				CLANG_WARN_OBJC_ROOT_CLASS = YES_ERROR;
				CLANG_WARN_RANGE_LOOP_ANALYSIS = YES;
				CLANG_WARN_STRICT_PROTOTYPES = YES;
				CLANG_WARN_SUSPICIOUS_MOVE = YES;
				CLANG_WARN_UNGUARDED_AVAILABILITY = YES_AGGRESSIVE;
				CLANG_WARN_UNREACHABLE_CODE = YES;
				CLANG_WARN__DUPLICATE_METHOD_MATCH = YES;
				CODE_SIGN_IDENTITY = "iPhone Developer";
				COPY_PHASE_STRIP = NO;
				DEBUG_INFORMATION_FORMAT = "dwarf-with-dsym";
				ENABLE_NS_ASSERTIONS = NO;
				ENABLE_STRICT_OBJC_MSGSEND = YES;
				GCC_C_LANGUAGE_STANDARD = gnu11;
				GCC_NO_COMMON_BLOCKS = YES;
				GCC_WARN_64_TO_32_BIT_CONVERSION = YES;
				GCC_WARN_ABOUT_RETURN_TYPE = YES_ERROR;
				GCC_WARN_UNDECLARED_SELECTOR = YES;
				GCC_WARN_UNINITIALIZED_AUTOS = YES_AGGRESSIVE;
				GCC_WARN_UNUSED_FUNCTION = YES;
				GCC_WARN_UNUSED_VARIABLE = YES;
				IPHONEOS_DEPLOYMENT_TARGET = 11.0;
				MTL_ENABLE_DEBUG_INFO = NO;
				SDKROOT = iphoneos;
				SWIFT_OPTIMIZATION_LEVEL = "-Owholemodule";
				VALIDATE_PRODUCT = YES;
			};
			name = Release;
		};
		A21A1F151F70A7AC000762AE /* Debug */ = {
			isa = XCBuildConfiguration;
			buildSettings = {
				ASSETCATALOG_COMPILER_APPICON_NAME = AppIcon;
				CODE_SIGN_STYLE = Automatic;
				DEVELOPMENT_TEAM = YAAT2JZU7F;
				INFOPLIST_FILE = "ai 11/Info.plist";
				IPHONEOS_DEPLOYMENT_TARGET = 11.0;
				LD_RUNPATH_SEARCH_PATHS = "$(inherited) @executable_path/Frameworks";
				PRODUCT_BUNDLE_IDENTIFIER = "com.jkw.ai-11";
				PRODUCT_NAME = "$(TARGET_NAME)";
				SWIFT_VERSION = 4.0;
				TARGETED_DEVICE_FAMILY = "1,2";
			};
			name = Debug;
		};
		A21A1F161F70A7AC000762AE /* Release */ = {
			isa = XCBuildConfiguration;
			buildSettings = {
				ASSETCATALOG_COMPILER_APPICON_NAME = AppIcon;
				CODE_SIGN_STYLE = Automatic;
				DEVELOPMENT_TEAM = YAAT2JZU7F;
				INFOPLIST_FILE = "ai 11/Info.plist";
				IPHONEOS_DEPLOYMENT_TARGET = 11.0;
				LD_RUNPATH_SEARCH_PATHS = "$(inherited) @executable_path/Frameworks";
				PRODUCT_BUNDLE_IDENTIFIER = "com.jkw.ai-11";
				PRODUCT_NAME = "$(TARGET_NAME)";
				SWIFT_VERSION = 4.0;
				TARGETED_DEVICE_FAMILY = "1,2";
			};
			name = Release;
		};
/* End XCBuildConfiguration section */

/* Begin XCConfigurationList section */
		A21A1EFD1F70A7AB000762AE /* Build configuration list for PBXProject "ai 11" */ = {
			isa = XCConfigurationList;
			buildConfigurations = (
				A21A1F121F70A7AC000762AE /* Debug */,
				A21A1F131F70A7AC000762AE /* Release */,
			);
			defaultConfigurationIsVisible = 0;
			defaultConfigurationName = Release;
		};
		A21A1F141F70A7AC000762AE /* Build configuration list for PBXNativeTarget "ai 11" */ = {
			isa = XCConfigurationList;
			buildConfigurations = (
				A21A1F151F70A7AC000762AE /* Debug */,
				A21A1F161F70A7AC000762AE /* Release */,
			);
			defaultConfigurationIsVisible = 0;
			defaultConfigurationName = Release;
		};
/* End XCConfigurationList section */
	};
	rootObject = A21A1EFA1F70A7AB000762AE /* Project object */;
}
